// !$*UTF8*$!
{
	archiveVersion = 1;
	classes = {
	};
	objectVersion = 56;
	objects = {

/* Begin PBXBuildFile section */
		1CA6A37D2A488DAD00FF5D86 /* Location+CoreDataClass.swift in Sources */ = {isa = PBXBuildFile; fileRef = 1CA6A3792A488DAD00FF5D86 /* Location+CoreDataClass.swift */; };
		1CA6A37E2A488DAD00FF5D86 /* Location+CoreDataProperties.swift in Sources */ = {isa = PBXBuildFile; fileRef = 1CA6A37A2A488DAD00FF5D86 /* Location+CoreDataProperties.swift */; };
		1CA6A37F2A488DAD00FF5D86 /* Event+CoreDataClass.swift in Sources */ = {isa = PBXBuildFile; fileRef = 1CA6A37B2A488DAD00FF5D86 /* Event+CoreDataClass.swift */; };
		1CA6A3802A488DAD00FF5D86 /* Event+CoreDataProperties.swift in Sources */ = {isa = PBXBuildFile; fileRef = 1CA6A37C2A488DAD00FF5D86 /* Event+CoreDataProperties.swift */; };
		1CCF02E02A5787D100922CA8 /* TagView.swift in Sources */ = {isa = PBXBuildFile; fileRef = 1CCF02DF2A5787D100922CA8 /* TagView.swift */; };
		1CD751122A4FAEA7009297B0 /* LocationFetcher.swift in Sources */ = {isa = PBXBuildFile; fileRef = 1CD751112A4FAEA7009297B0 /* LocationFetcher.swift */; };
		1CD751142A4FB0E0009297B0 /* Location.swift in Sources */ = {isa = PBXBuildFile; fileRef = 1CD751132A4FB0E0009297B0 /* Location.swift */; };
		1CE047482A4505C900720EAB /* CountdownApp.swift in Sources */ = {isa = PBXBuildFile; fileRef = 1CE047472A4505C900720EAB /* CountdownApp.swift */; };
		1CE0474A2A4505C900720EAB /* ContentView.swift in Sources */ = {isa = PBXBuildFile; fileRef = 1CE047492A4505C900720EAB /* ContentView.swift */; };
		1CE0474C2A4505CB00720EAB /* Assets.xcassets in Resources */ = {isa = PBXBuildFile; fileRef = 1CE0474B2A4505CB00720EAB /* Assets.xcassets */; };
		1CE0474F2A4505CB00720EAB /* Preview Assets.xcassets in Resources */ = {isa = PBXBuildFile; fileRef = 1CE0474E2A4505CB00720EAB /* Preview Assets.xcassets */; };
		1CE0475B2A45D48600720EAB /* Countdown.xcdatamodeld in Sources */ = {isa = PBXBuildFile; fileRef = 1CE047592A45D48600720EAB /* Countdown.xcdatamodeld */; };
		1CE047722A45DC1300720EAB /* Tag+CoreDataClass.swift in Sources */ = {isa = PBXBuildFile; fileRef = 1CE0476E2A45DC1300720EAB /* Tag+CoreDataClass.swift */; };
		1CE047732A45DC1300720EAB /* Tag+CoreDataProperties.swift in Sources */ = {isa = PBXBuildFile; fileRef = 1CE0476F2A45DC1300720EAB /* Tag+CoreDataProperties.swift */; };
		1CE047752A45E32000720EAB /* DataController.swift in Sources */ = {isa = PBXBuildFile; fileRef = 1CE047742A45E32000720EAB /* DataController.swift */; };
		1CE047772A45E41500720EAB /* PersistenceController.swift in Sources */ = {isa = PBXBuildFile; fileRef = 1CE047762A45E41500720EAB /* PersistenceController.swift */; };
		1CE0477B2A466A9E00720EAB /* ContentViewModel.swift in Sources */ = {isa = PBXBuildFile; fileRef = 1CE0477A2A466A9E00720EAB /* ContentViewModel.swift */; };
		1CE0477D2A466FF000720EAB /* AddEventView.swift in Sources */ = {isa = PBXBuildFile; fileRef = 1CE0477C2A466FF000720EAB /* AddEventView.swift */; };
		1CE0477F2A46791F00720EAB /* AddEventViewModel.swift in Sources */ = {isa = PBXBuildFile; fileRef = 1CE0477E2A46791F00720EAB /* AddEventViewModel.swift */; };
/* End PBXBuildFile section */

/* Begin PBXFileReference section */
		1CA6A3792A488DAD00FF5D86 /* Location+CoreDataClass.swift */ = {isa = PBXFileReference; lastKnownFileType = sourcecode.swift; path = "Location+CoreDataClass.swift"; sourceTree = SOURCE_ROOT; };
		1CA6A37A2A488DAD00FF5D86 /* Location+CoreDataProperties.swift */ = {isa = PBXFileReference; lastKnownFileType = sourcecode.swift; path = "Location+CoreDataProperties.swift"; sourceTree = SOURCE_ROOT; };
		1CA6A37B2A488DAD00FF5D86 /* Event+CoreDataClass.swift */ = {isa = PBXFileReference; lastKnownFileType = sourcecode.swift; path = "Event+CoreDataClass.swift"; sourceTree = SOURCE_ROOT; };
		1CA6A37C2A488DAD00FF5D86 /* Event+CoreDataProperties.swift */ = {isa = PBXFileReference; lastKnownFileType = sourcecode.swift; path = "Event+CoreDataProperties.swift"; sourceTree = SOURCE_ROOT; };
		1CCF02DF2A5787D100922CA8 /* TagView.swift */ = {isa = PBXFileReference; lastKnownFileType = sourcecode.swift; path = TagView.swift; sourceTree = "<group>"; };
		1CD751112A4FAEA7009297B0 /* LocationFetcher.swift */ = {isa = PBXFileReference; lastKnownFileType = sourcecode.swift; path = LocationFetcher.swift; sourceTree = "<group>"; };
		1CD751132A4FB0E0009297B0 /* Location.swift */ = {isa = PBXFileReference; lastKnownFileType = sourcecode.swift; path = Location.swift; sourceTree = "<group>"; };
		1CE047442A4505C900720EAB /* Countdown.app */ = {isa = PBXFileReference; explicitFileType = wrapper.application; includeInIndex = 0; path = Countdown.app; sourceTree = BUILT_PRODUCTS_DIR; };
		1CE047472A4505C900720EAB /* CountdownApp.swift */ = {isa = PBXFileReference; lastKnownFileType = sourcecode.swift; path = CountdownApp.swift; sourceTree = "<group>"; };
		1CE047492A4505C900720EAB /* ContentView.swift */ = {isa = PBXFileReference; lastKnownFileType = sourcecode.swift; path = ContentView.swift; sourceTree = "<group>"; };
		1CE0474B2A4505CB00720EAB /* Assets.xcassets */ = {isa = PBXFileReference; lastKnownFileType = folder.assetcatalog; path = Assets.xcassets; sourceTree = "<group>"; };
		1CE0474E2A4505CB00720EAB /* Preview Assets.xcassets */ = {isa = PBXFileReference; lastKnownFileType = folder.assetcatalog; path = "Preview Assets.xcassets"; sourceTree = "<group>"; };
		1CE047552A4508D600720EAB /* Requirements.md */ = {isa = PBXFileReference; lastKnownFileType = net.daringfireball.markdown; path = Requirements.md; sourceTree = "<group>"; };
		1CE0475A2A45D48600720EAB /* Countdown.xcdatamodel */ = {isa = PBXFileReference; lastKnownFileType = wrapper.xcdatamodel; path = Countdown.xcdatamodel; sourceTree = "<group>"; };
		1CE0476E2A45DC1300720EAB /* Tag+CoreDataClass.swift */ = {isa = PBXFileReference; lastKnownFileType = sourcecode.swift; name = "Tag+CoreDataClass.swift"; path = "Countdown/CoreData/Tag+CoreDataClass.swift"; sourceTree = SOURCE_ROOT; };
		1CE0476F2A45DC1300720EAB /* Tag+CoreDataProperties.swift */ = {isa = PBXFileReference; lastKnownFileType = sourcecode.swift; name = "Tag+CoreDataProperties.swift"; path = "Countdown/CoreData/Tag+CoreDataProperties.swift"; sourceTree = SOURCE_ROOT; };
		1CE047742A45E32000720EAB /* DataController.swift */ = {isa = PBXFileReference; lastKnownFileType = sourcecode.swift; path = DataController.swift; sourceTree = "<group>"; };
		1CE047762A45E41500720EAB /* PersistenceController.swift */ = {isa = PBXFileReference; lastKnownFileType = sourcecode.swift; path = PersistenceController.swift; sourceTree = "<group>"; };
		1CE0477A2A466A9E00720EAB /* ContentViewModel.swift */ = {isa = PBXFileReference; lastKnownFileType = sourcecode.swift; path = ContentViewModel.swift; sourceTree = "<group>"; };
		1CE0477C2A466FF000720EAB /* AddEventView.swift */ = {isa = PBXFileReference; lastKnownFileType = sourcecode.swift; path = AddEventView.swift; sourceTree = "<group>"; };
		1CE0477E2A46791F00720EAB /* AddEventViewModel.swift */ = {isa = PBXFileReference; lastKnownFileType = sourcecode.swift; path = AddEventViewModel.swift; sourceTree = "<group>"; };
/* End PBXFileReference section */

/* Begin PBXFrameworksBuildPhase section */
		1CE047412A4505C900720EAB /* Frameworks */ = {
			isa = PBXFrameworksBuildPhase;
			buildActionMask = 2147483647;
			files = (
			);
			runOnlyForDeploymentPostprocessing = 0;
		};
/* End PBXFrameworksBuildPhase section */

/* Begin PBXGroup section */
		1CD7510F2A4FAE85009297B0 /* libs */ = {
			isa = PBXGroup;
			children = (
				1CD751102A4FAE92009297B0 /* utils */,
			);
			path = libs;
			sourceTree = "<group>";
		};
		1CD751102A4FAE92009297B0 /* utils */ = {
			isa = PBXGroup;
			children = (
				1CD751112A4FAEA7009297B0 /* LocationFetcher.swift */,
			);
			path = utils;
			sourceTree = "<group>";
		};
		1CE0473B2A4505C900720EAB = {
			isa = PBXGroup;
			children = (
				1CE047462A4505C900720EAB /* Countdown */,
				1CE047452A4505C900720EAB /* Products */,
			);
			sourceTree = "<group>";
		};
		1CE047452A4505C900720EAB /* Products */ = {
			isa = PBXGroup;
			children = (
				1CE047442A4505C900720EAB /* Countdown.app */,
			);
			name = Products;
			sourceTree = "<group>";
		};
		1CE047462A4505C900720EAB /* Countdown */ = {
			isa = PBXGroup;
			children = (
				1CD7510F2A4FAE85009297B0 /* libs */,
				1CE047792A4664DD00720EAB /* CoreData */,
				1CE047582A450BCC00720EAB /* Model */,
				1CE047572A450BBF00720EAB /* ViewModel */,
				1CE047562A450BB900720EAB /* View */,
				1CE047472A4505C900720EAB /* CountdownApp.swift */,
				1CE0474B2A4505CB00720EAB /* Assets.xcassets */,
				1CE047552A4508D600720EAB /* Requirements.md */,
				1CE0474D2A4505CB00720EAB /* Preview Content */,
			);
			path = Countdown;
			sourceTree = "<group>";
		};
		1CE0474D2A4505CB00720EAB /* Preview Content */ = {
			isa = PBXGroup;
			children = (
				1CE0474E2A4505CB00720EAB /* Preview Assets.xcassets */,
			);
			path = "Preview Content";
			sourceTree = "<group>";
		};
		1CE047562A450BB900720EAB /* View */ = {
			isa = PBXGroup;
			children = (
				1CE047492A4505C900720EAB /* ContentView.swift */,
				1CE0477C2A466FF000720EAB /* AddEventView.swift */,
				1CCF02DF2A5787D100922CA8 /* TagView.swift */,
			);
			path = View;
			sourceTree = "<group>";
		};
		1CE047572A450BBF00720EAB /* ViewModel */ = {
			isa = PBXGroup;
			children = (
				1CE0477A2A466A9E00720EAB /* ContentViewModel.swift */,
				1CE0477E2A46791F00720EAB /* AddEventViewModel.swift */,
			);
			path = ViewModel;
			sourceTree = "<group>";
		};
		1CE047582A450BCC00720EAB /* Model */ = {
			isa = PBXGroup;
			children = (
				1CD751132A4FB0E0009297B0 /* Location.swift */,
			);
			path = Model;
			sourceTree = "<group>";
		};
		1CE047792A4664DD00720EAB /* CoreData */ = {
			isa = PBXGroup;
			children = (
				1CE047592A45D48600720EAB /* Countdown.xcdatamodeld */,
				1CA6A3792A488DAD00FF5D86 /* Location+CoreDataClass.swift */,
				1CA6A37A2A488DAD00FF5D86 /* Location+CoreDataProperties.swift */,
				1CA6A37B2A488DAD00FF5D86 /* Event+CoreDataClass.swift */,
				1CA6A37C2A488DAD00FF5D86 /* Event+CoreDataProperties.swift */,
				1CE0476E2A45DC1300720EAB /* Tag+CoreDataClass.swift */,
				1CE0476F2A45DC1300720EAB /* Tag+CoreDataProperties.swift */,
				1CE047742A45E32000720EAB /* DataController.swift */,
				1CE047762A45E41500720EAB /* PersistenceController.swift */,
			);
			path = CoreData;
			sourceTree = "<group>";
		};
/* End PBXGroup section */

/* Begin PBXNativeTarget section */
		1CE047432A4505C900720EAB /* Countdown */ = {
			isa = PBXNativeTarget;
			buildConfigurationList = 1CE047522A4505CB00720EAB /* Build configuration list for PBXNativeTarget "Countdown" */;
			buildPhases = (
				1CE047402A4505C900720EAB /* Sources */,
				1CE047412A4505C900720EAB /* Frameworks */,
				1CE047422A4505C900720EAB /* Resources */,
			);
			buildRules = (
			);
			dependencies = (
			);
			name = Countdown;
			productName = Countdown;
			productReference = 1CE047442A4505C900720EAB /* Countdown.app */;
			productType = "com.apple.product-type.application";
		};
/* End PBXNativeTarget section */

/* Begin PBXProject section */
		1CE0473C2A4505C900720EAB /* Project object */ = {
			isa = PBXProject;
			attributes = {
				BuildIndependentTargetsInParallel = 1;
				LastSwiftUpdateCheck = 1430;
				LastUpgradeCheck = 1500;
				TargetAttributes = {
					1CE047432A4505C900720EAB = {
						CreatedOnToolsVersion = 14.3.1;
					};
				};
			};
			buildConfigurationList = 1CE0473F2A4505C900720EAB /* Build configuration list for PBXProject "Countdown" */;
			compatibilityVersion = "Xcode 14.0";
			developmentRegion = en;
			hasScannedForEncodings = 0;
			knownRegions = (
				en,
				Base,
			);
			mainGroup = 1CE0473B2A4505C900720EAB;
			productRefGroup = 1CE047452A4505C900720EAB /* Products */;
			projectDirPath = "";
			projectRoot = "";
			targets = (
				1CE047432A4505C900720EAB /* Countdown */,
			);
		};
/* End PBXProject section */

/* Begin PBXResourcesBuildPhase section */
		1CE047422A4505C900720EAB /* Resources */ = {
			isa = PBXResourcesBuildPhase;
			buildActionMask = 2147483647;
			files = (
				1CE0474F2A4505CB00720EAB /* Preview Assets.xcassets in Resources */,
				1CE0474C2A4505CB00720EAB /* Assets.xcassets in Resources */,
			);
			runOnlyForDeploymentPostprocessing = 0;
		};
/* End PBXResourcesBuildPhase section */

/* Begin PBXSourcesBuildPhase section */
		1CE047402A4505C900720EAB /* Sources */ = {
			isa = PBXSourcesBuildPhase;
			buildActionMask = 2147483647;
			files = (
				1CCF02E02A5787D100922CA8 /* TagView.swift in Sources */,
				1CE047772A45E41500720EAB /* PersistenceController.swift in Sources */,
				1CE0474A2A4505C900720EAB /* ContentView.swift in Sources */,
				1CD751142A4FB0E0009297B0 /* Location.swift in Sources */,
				1CD751122A4FAEA7009297B0 /* LocationFetcher.swift in Sources */,
				1CE0475B2A45D48600720EAB /* Countdown.xcdatamodeld in Sources */,
				1CE0477B2A466A9E00720EAB /* ContentViewModel.swift in Sources */,
				1CE0477F2A46791F00720EAB /* AddEventViewModel.swift in Sources */,
				1CE0477D2A466FF000720EAB /* AddEventView.swift in Sources */,
				1CE047732A45DC1300720EAB /* Tag+CoreDataProperties.swift in Sources */,
				1CA6A37F2A488DAD00FF5D86 /* Event+CoreDataClass.swift in Sources */,
				1CE047752A45E32000720EAB /* DataController.swift in Sources */,
				1CA6A37E2A488DAD00FF5D86 /* Location+CoreDataProperties.swift in Sources */,
				1CA6A3802A488DAD00FF5D86 /* Event+CoreDataProperties.swift in Sources */,
				1CE047722A45DC1300720EAB /* Tag+CoreDataClass.swift in Sources */,
				1CA6A37D2A488DAD00FF5D86 /* Location+CoreDataClass.swift in Sources */,
				1CE047482A4505C900720EAB /* CountdownApp.swift in Sources */,
			);
			runOnlyForDeploymentPostprocessing = 0;
		};
/* End PBXSourcesBuildPhase section */

/* Begin XCBuildConfiguration section */
		1CE047502A4505CB00720EAB /* Debug */ = {
			isa = XCBuildConfiguration;
			buildSettings = {
				ALWAYS_SEARCH_USER_PATHS = NO;
				CLANG_ANALYZER_NONNULL = YES;
				CLANG_ANALYZER_NUMBER_OBJECT_CONVERSION = YES_AGGRESSIVE;
				CLANG_CXX_LANGUAGE_STANDARD = "gnu++20";
				CLANG_ENABLE_MODULES = YES;
				CLANG_ENABLE_OBJC_ARC = YES;
				CLANG_ENABLE_OBJC_WEAK = YES;
				CLANG_WARN_BLOCK_CAPTURE_AUTORELEASING = YES;
				CLANG_WARN_BOOL_CONVERSION = YES;
				CLANG_WARN_COMMA = YES;
				CLANG_WARN_CONSTANT_CONVERSION = YES;
				CLANG_WARN_DEPRECATED_OBJC_IMPLEMENTATIONS = YES;
				CLANG_WARN_DIRECT_OBJC_ISA_USAGE = YES_ERROR;
				CLANG_WARN_DOCUMENTATION_COMMENTS = YES;
				CLANG_WARN_EMPTY_BODY = YES;
				CLANG_WARN_ENUM_CONVERSION = YES;
				CLANG_WARN_INFINITE_RECURSION = YES;
				CLANG_WARN_INT_CONVERSION = YES;
				CLANG_WARN_NON_LITERAL_NULL_CONVERSION = YES;
				CLANG_WARN_OBJC_IMPLICIT_RETAIN_SELF = YES;
				CLANG_WARN_OBJC_LITERAL_CONVERSION = YES;
				CLANG_WARN_OBJC_ROOT_CLASS = YES_ERROR;
				CLANG_WARN_QUOTED_INCLUDE_IN_FRAMEWORK_HEADER = YES;
				CLANG_WARN_RANGE_LOOP_ANALYSIS = YES;
				CLANG_WARN_STRICT_PROTOTYPES = YES;
				CLANG_WARN_SUSPICIOUS_MOVE = YES;
				CLANG_WARN_UNGUARDED_AVAILABILITY = YES_AGGRESSIVE;
				CLANG_WARN_UNREACHABLE_CODE = YES;
				CLANG_WARN__DUPLICATE_METHOD_MATCH = YES;
				COPY_PHASE_STRIP = NO;
				DEBUG_INFORMATION_FORMAT = dwarf;
				ENABLE_STRICT_OBJC_MSGSEND = YES;
				ENABLE_TESTABILITY = YES;
				ENABLE_USER_SCRIPT_SANDBOXING = YES;
				GCC_C_LANGUAGE_STANDARD = gnu11;
				GCC_DYNAMIC_NO_PIC = NO;
				GCC_NO_COMMON_BLOCKS = YES;
				GCC_OPTIMIZATION_LEVEL = 0;
				GCC_PREPROCESSOR_DEFINITIONS = (
					"DEBUG=1",
					"$(inherited)",
				);
				GCC_WARN_64_TO_32_BIT_CONVERSION = YES;
				GCC_WARN_ABOUT_RETURN_TYPE = YES_ERROR;
				GCC_WARN_UNDECLARED_SELECTOR = YES;
				GCC_WARN_UNINITIALIZED_AUTOS = YES_AGGRESSIVE;
				GCC_WARN_UNUSED_FUNCTION = YES;
				GCC_WARN_UNUSED_VARIABLE = YES;
				IPHONEOS_DEPLOYMENT_TARGET = 16.4;
				MTL_ENABLE_DEBUG_INFO = INCLUDE_SOURCE;
				MTL_FAST_MATH = YES;
				ONLY_ACTIVE_ARCH = YES;
				SDKROOT = iphoneos;
				SWIFT_ACTIVE_COMPILATION_CONDITIONS = DEBUG;
				SWIFT_OPTIMIZATION_LEVEL = "-Onone";
			};
			name = Debug;
		};
		1CE047512A4505CB00720EAB /* Release */ = {
			isa = XCBuildConfiguration;
			buildSettings = {
				ALWAYS_SEARCH_USER_PATHS = NO;
				CLANG_ANALYZER_NONNULL = YES;
				CLANG_ANALYZER_NUMBER_OBJECT_CONVERSION = YES_AGGRESSIVE;
				CLANG_CXX_LANGUAGE_STANDARD = "gnu++20";
				CLANG_ENABLE_MODULES = YES;
				CLANG_ENABLE_OBJC_ARC = YES;
				CLANG_ENABLE_OBJC_WEAK = YES;
				CLANG_WARN_BLOCK_CAPTURE_AUTORELEASING = YES;
				CLANG_WARN_BOOL_CONVERSION = YES;
				CLANG_WARN_COMMA = YES;
				CLANG_WARN_CONSTANT_CONVERSION = YES;
				CLANG_WARN_DEPRECATED_OBJC_IMPLEMENTATIONS = YES;
				CLANG_WARN_DIRECT_OBJC_ISA_USAGE = YES_ERROR;
				CLANG_WARN_DOCUMENTATION_COMMENTS = YES;
				CLANG_WARN_EMPTY_BODY = YES;
				CLANG_WARN_ENUM_CONVERSION = YES;
				CLANG_WARN_INFINITE_RECURSION = YES;
				CLANG_WARN_INT_CONVERSION = YES;
				CLANG_WARN_NON_LITERAL_NULL_CONVERSION = YES;
				CLANG_WARN_OBJC_IMPLICIT_RETAIN_SELF = YES;
				CLANG_WARN_OBJC_LITERAL_CONVERSION = YES;
				CLANG_WARN_OBJC_ROOT_CLASS = YES_ERROR;
				CLANG_WARN_QUOTED_INCLUDE_IN_FRAMEWORK_HEADER = YES;
				CLANG_WARN_RANGE_LOOP_ANALYSIS = YES;
				CLANG_WARN_STRICT_PROTOTYPES = YES;
				CLANG_WARN_SUSPICIOUS_MOVE = YES;
				CLANG_WARN_UNGUARDED_AVAILABILITY = YES_AGGRESSIVE;
				CLANG_WARN_UNREACHABLE_CODE = YES;
				CLANG_WARN__DUPLICATE_METHOD_MATCH = YES;
				COPY_PHASE_STRIP = NO;
				DEBUG_INFORMATION_FORMAT = "dwarf-with-dsym";
				ENABLE_NS_ASSERTIONS = NO;
				ENABLE_STRICT_OBJC_MSGSEND = YES;
				ENABLE_USER_SCRIPT_SANDBOXING = YES;
				GCC_C_LANGUAGE_STANDARD = gnu11;
				GCC_NO_COMMON_BLOCKS = YES;
				GCC_WARN_64_TO_32_BIT_CONVERSION = YES;
				GCC_WARN_ABOUT_RETURN_TYPE = YES_ERROR;
				GCC_WARN_UNDECLARED_SELECTOR = YES;
				GCC_WARN_UNINITIALIZED_AUTOS = YES_AGGRESSIVE;
				GCC_WARN_UNUSED_FUNCTION = YES;
				GCC_WARN_UNUSED_VARIABLE = YES;
				IPHONEOS_DEPLOYMENT_TARGET = 16.4;
				MTL_ENABLE_DEBUG_INFO = NO;
				MTL_FAST_MATH = YES;
				SDKROOT = iphoneos;
				SWIFT_COMPILATION_MODE = wholemodule;
				SWIFT_OPTIMIZATION_LEVEL = "-O";
				VALIDATE_PRODUCT = YES;
			};
			name = Release;
		};
		1CE047532A4505CB00720EAB /* Debug */ = {
			isa = XCBuildConfiguration;
			buildSettings = {
				ASSETCATALOG_COMPILER_APPICON_NAME = AppIcon;
				ASSETCATALOG_COMPILER_GLOBAL_ACCENT_COLOR_NAME = AccentColor;
				CODE_SIGN_STYLE = Automatic;
				CURRENT_PROJECT_VERSION = 1;
				DEVELOPMENT_ASSET_PATHS = "\"Countdown/Preview Content\"";
				ENABLE_PREVIEWS = YES;
				GENERATE_INFOPLIST_FILE = YES;
				INFOPLIST_KEY_NSLocationWhenInUseUsageDescription = "Need Your Location To Store Your Event";
				INFOPLIST_KEY_UIApplicationSceneManifest_Generation = YES;
				INFOPLIST_KEY_UIApplicationSupportsIndirectInputEvents = YES;
				INFOPLIST_KEY_UILaunchScreen_Generation = YES;
				INFOPLIST_KEY_UISupportedInterfaceOrientations_iPad = "UIInterfaceOrientationPortrait UIInterfaceOrientationPortraitUpsideDown UIInterfaceOrientationLandscapeLeft UIInterfaceOrientationLandscapeRight";
				INFOPLIST_KEY_UISupportedInterfaceOrientations_iPhone = "UIInterfaceOrientationPortrait UIInterfaceOrientationLandscapeLeft UIInterfaceOrientationLandscapeRight";
				LD_RUNPATH_SEARCH_PATHS = (
					"$(inherited)",
					"@executable_path/Frameworks",
				);
				MARKETING_VERSION = 1.0;
				PRODUCT_BUNDLE_IDENTIFIER = com.greytee.Countdown;
				PRODUCT_NAME = "$(TARGET_NAME)";
				SWIFT_EMIT_LOC_STRINGS = YES;
				SWIFT_VERSION = 5.0;
				TARGETED_DEVICE_FAMILY = "1,2";
			};
			name = Debug;
		};
		1CE047542A4505CB00720EAB /* Release */ = {
			isa = XCBuildConfiguration;
			buildSettings = {
				ASSETCATALOG_COMPILER_APPICON_NAME = AppIcon;
				ASSETCATALOG_COMPILER_GLOBAL_ACCENT_COLOR_NAME = AccentColor;
				CODE_SIGN_STYLE = Automatic;
				CURRENT_PROJECT_VERSION = 1;
				DEVELOPMENT_ASSET_PATHS = "\"Countdown/Preview Content\"";
				ENABLE_PREVIEWS = YES;
				GENERATE_INFOPLIST_FILE = YES;
				INFOPLIST_KEY_NSLocationWhenInUseUsageDescription = "Need Your Location To Store Your Event";
				INFOPLIST_KEY_UIApplicationSceneManifest_Generation = YES;
				INFOPLIST_KEY_UIApplicationSupportsIndirectInputEvents = YES;
				INFOPLIST_KEY_UILaunchScreen_Generation = YES;
				INFOPLIST_KEY_UISupportedInterfaceOrientations_iPad = "UIInterfaceOrientationPortrait UIInterfaceOrientationPortraitUpsideDown UIInterfaceOrientationLandscapeLeft UIInterfaceOrientationLandscapeRight";
				INFOPLIST_KEY_UISupportedInterfaceOrientations_iPhone = "UIInterfaceOrientationPortrait UIInterfaceOrientationLandscapeLeft UIInterfaceOrientationLandscapeRight";
				LD_RUNPATH_SEARCH_PATHS = (
					"$(inherited)",
					"@executable_path/Frameworks",
				);
				MARKETING_VERSION = 1.0;
				PRODUCT_BUNDLE_IDENTIFIER = com.greytee.Countdown;
				PRODUCT_NAME = "$(TARGET_NAME)";
				SWIFT_EMIT_LOC_STRINGS = YES;
				SWIFT_VERSION = 5.0;
				TARGETED_DEVICE_FAMILY = "1,2";
			};
			name = Release;
		};
/* End XCBuildConfiguration section */

/* Begin XCConfigurationList section */
		1CE0473F2A4505C900720EAB /* Build configuration list for PBXProject "Countdown" */ = {
			isa = XCConfigurationList;
			buildConfigurations = (
				1CE047502A4505CB00720EAB /* Debug */,
				1CE047512A4505CB00720EAB /* Release */,
			);
			defaultConfigurationIsVisible = 0;
			defaultConfigurationName = Debug;
		};
		1CE047522A4505CB00720EAB /* Build configuration list for PBXNativeTarget "Countdown" */ = {
			isa = XCConfigurationList;
			buildConfigurations = (
				1CE047532A4505CB00720EAB /* Debug */,
				1CE047542A4505CB00720EAB /* Release */,
			);
			defaultConfigurationIsVisible = 0;
			defaultConfigurationName = Debug;
		};
/* End XCConfigurationList section */

/* Begin XCVersionGroup section */
		1CE047592A45D48600720EAB /* Countdown.xcdatamodeld */ = {
			isa = XCVersionGroup;
			children = (
				1CE0475A2A45D48600720EAB /* Countdown.xcdatamodel */,
			);
			currentVersion = 1CE0475A2A45D48600720EAB /* Countdown.xcdatamodel */;
			path = Countdown.xcdatamodeld;
			sourceTree = "<group>";
			versionGroupType = wrapper.xcdatamodel;
		};
/* End XCVersionGroup section */
	};
	rootObject = 1CE0473C2A4505C900720EAB /* Project object */;
}
